
Microsoft Visual Studio Solution File, Format Version 12.00
# Visual Studio 15
VisualStudioVersion = 15.0.28307.421
MinimumVisualStudioVersion = 10.0.40219.1
Project("{FAE04EC0-301F-11D3-BF4B-00C04F79EFBC}") = "GuestPhoneBook.Entities", "GuestPhoneBook.Entities\GuestPhoneBook.Entities.csproj", "{BB80D6F3-2B99-4EEC-BBFE-BF6F245FE399}"
EndProject
Project("{FAE04EC0-301F-11D3-BF4B-00C04F79EFBC}") = "GuestPhoneBook.Exception", "GuestPhoneBook.Exception\GuestPhoneBook.Exception.csproj", "{BA7DED68-3D04-47A3-921F-2A554F6DD7B5}"
EndProject
Project("{FAE04EC0-301F-11D3-BF4B-00C04F79EFBC}") = "GuestPhoneBook.DAL", "GuestPhoneBook.DAL\GuestPhoneBook.DAL.csproj", "{28BF682E-4AB5-4F22-A7E6-D8F5290DC821}"
EndProject
Project("{FAE04EC0-301F-11D3-BF4B-00C04F79EFBC}") = "guestPhoneBook.BL", "guestPhoneBook.BL\guestPhoneBook.BL.csproj", "{2DF224CA-E4E4-40AB-B5F2-45C9A3DB6601}"
EndProject
Project("{FAE04EC0-301F-11D3-BF4B-00C04F79EFBC}") = "GuestPhoneBook.PL", "GuestPhoneBook.PL\GuestPhoneBook.PL.csproj", "{A9BB4FC5-DAAD-41AD-821D-5D7C02984BDF}"
EndProject
Global
	GlobalSection(SolutionConfigurationPlatforms) = preSolution
		Debug|Any CPU = Debug|Any CPU
		Release|Any CPU = Release|Any CPU
	EndGlobalSection
	GlobalSection(ProjectConfigurationPlatforms) = postSolution
		{BB80D6F3-2B99-4EEC-BBFE-BF6F245FE399}.Debug|Any CPU.ActiveCfg = Debug|Any CPU
		{BB80D6F3-2B99-4EEC-BBFE-BF6F245FE399}.Debug|Any CPU.Build.0 = Debug|Any CPU
		{BB80D6F3-2B99-4EEC-BBFE-BF6F245FE399}.Release|Any CPU.ActiveCfg = Release|Any CPU
		{BB80D6F3-2B99-4EEC-BBFE-BF6F245FE399}.Release|Any CPU.Build.0 = Release|Any CPU
		{BA7DED68-3D04-47A3-921F-2A554F6DD7B5}.Debug|Any CPU.ActiveCfg = Debug|Any CPU
		{BA7DED68-3D04-47A3-921F-2A554F6DD7B5}.Debug|Any CPU.Build.0 = Debug|Any CPU
		{BA7DED68-3D04-47A3-921F-2A554F6DD7B5}.Release|Any CPU.ActiveCfg = Release|Any CPU
		{BA7DED68-3D04-47A3-921F-2A554F6DD7B5}.Release|Any CPU.Build.0 = Release|Any CPU
		{28BF682E-4AB5-4F22-A7E6-D8F5290DC821}.Debug|Any CPU.ActiveCfg = Debug|Any CPU
		{28BF682E-4AB5-4F22-A7E6-D8F5290DC821}.Debug|Any CPU.Build.0 = Debug|Any CPU
		{28BF682E-4AB5-4F22-A7E6-D8F5290DC821}.Release|Any CPU.ActiveCfg = Release|Any CPU
		{28BF682E-4AB5-4F22-A7E6-D8F5290DC821}.Release|Any CPU.Build.0 = Release|Any CPU
		{2DF224CA-E4E4-40AB-B5F2-45C9A3DB6601}.Debug|Any CPU.ActiveCfg = Debug|Any CPU
		{2DF224CA-E4E4-40AB-B5F2-45C9A3DB6601}.Debug|Any CPU.Build.0 = Debug|Any CPU
		{2DF224CA-E4E4-40AB-B5F2-45C9A3DB6601}.Release|Any CPU.ActiveCfg = Release|Any CPU
		{2DF224CA-E4E4-40AB-B5F2-45C9A3DB6601}.Release|Any CPU.Build.0 = Release|Any CPU
		{A9BB4FC5-DAAD-41AD-821D-5D7C02984BDF}.Debug|Any CPU.ActiveCfg = Debug|Any CPU
		{A9BB4FC5-DAAD-41AD-821D-5D7C02984BDF}.Debug|Any CPU.Build.0 = Debug|Any CPU
		{A9BB4FC5-DAAD-41AD-821D-5D7C02984BDF}.Release|Any CPU.ActiveCfg = Release|Any CPU
		{A9BB4FC5-DAAD-41AD-821D-5D7C02984BDF}.Release|Any CPU.Build.0 = Release|Any CPU
	EndGlobalSection
	GlobalSection(SolutionProperties) = preSolution
		HideSolutionNode = FALSE
	EndGlobalSection
	GlobalSection(ExtensibilityGlobals) = postSolution
		SolutionGuid = {8B19304A-2ECF-4C34-B937-2E640D6CF427}
	EndGlobalSection
EndGlobal
